
Microsoft Visual Studio Solution File, Format Version 12.00
# Visual Studio 2013
VisualStudioVersion = 12.0.31101.0
MinimumVisualStudioVersion = 10.0.40219.1
Project("{FAE04EC0-301F-11D3-BF4B-00C04F79EFBC}") = "Eye Pointer", "Eye Control\Eye Pointer.csproj", "{596D008E-AEF8-480F-8DE3-262E6C419D7E}"
EndProject
Project("{54435603-DBB4-11D2-8724-00A0C9A8B90C}") = "Eye Pointer Setup", "Eye Pointer Setup\Eye Pointer Setup.vdproj", "{0D1F1939-0BC0-4EAA-9141-7E310DFB3036}"
EndProject
Global
	GlobalSection(SolutionConfigurationPlatforms) = preSolution
		Debug|Any CPU = Debug|Any CPU
		Release|Any CPU = Release|Any CPU
	EndGlobalSection
	GlobalSection(ProjectConfigurationPlatforms) = postSolution
		{596D008E-AEF8-480F-8DE3-262E6C419D7E}.Debug|Any CPU.ActiveCfg = Debug|Any CPU
		{596D008E-AEF8-480F-8DE3-262E6C419D7E}.Debug|Any CPU.Build.0 = Debug|Any CPU
		{596D008E-AEF8-480F-8DE3-262E6C419D7E}.Release|Any CPU.ActiveCfg = Release|Any CPU
		{596D008E-AEF8-480F-8DE3-262E6C419D7E}.Release|Any CPU.Build.0 = Release|Any CPU
		{0D1F1939-0BC0-4EAA-9141-7E310DFB3036}.Debug|Any CPU.ActiveCfg = Debug
		{0D1F1939-0BC0-4EAA-9141-7E310DFB3036}.Release|Any CPU.ActiveCfg = Release
	EndGlobalSection
	GlobalSection(SolutionProperties) = preSolution
		HideSolutionNode = FALSE
	EndGlobalSection
EndGlobal
